schema: '2.0'
stages:
  load_data:
    cmd: python src/load_data.py --config=params.yaml
    deps:
    - path: data_given/train.dat
      md5: 79946675d5cbedde7626f66aeb83bf18
      size: 4289437
    - path: src/get_data.py
      md5: 43892ff2cabbfe87f024c5cf55d04725
      size: 1890
    - path: src/load_data.py
      md5: 22ef78a3da64f89cdd0ef121bd18c6a2
      size: 949
    outs:
    - path: data/raw/train.csv
      md5: 0f7667d1f5f5a664f9ced2e63119919c
      size: 160589691
  preprocessed_data:
    cmd: python src/data_preprocessing.py --config=params.yaml
    deps:
    - path: data/raw/train.csv
      md5: 0f7667d1f5f5a664f9ced2e63119919c
      size: 160589691
    - path: src/data_preprocessing.py
      md5: 5a1131c4d9f8d312a7b5b88202a625ed
      size: 914
    outs:
    - path: data/processed/processed_Train.csv
      md5: 90702382399d01aab3bec80b694e3e06
      size: 1588688
  split_data:
    cmd: python src/split_data.py --config=params.yaml
    deps:
    - path: data/processed/processed_Train.csv
      md5: 90702382399d01aab3bec80b694e3e06
      size: 1588688
    - path: src/split_data.py
      md5: 121dedd02ac8ebaec262bb6ab08bc91d
      size: 1313
    outs:
    - path: data/processed/test_data.csv
      md5: 2252bd8e894020146bafe5051cdef0cf
      size: 309779
    - path: data/processed/train_data.csv
      md5: 9f5ddb125d0ed6281201d81503d8b82c
      size: 1238925
  train_and_evaluate:
    cmd: python src/train_and_evaluate.py --config=params.yaml
    deps:
    - path: data/processed/test_data.csv
      md5: 2252bd8e894020146bafe5051cdef0cf
      size: 309779
    - path: data/processed/train_data.csv
      md5: 9f5ddb125d0ed6281201d81503d8b82c
      size: 1238925
    - path: src/train_and_evaluate.py
      md5: 48b8b39ced8dd40dc7902797d196396a
      size: 3139
    params:
      params.yaml:
        estimators.AdaBoostClassifier.params.learning_rate: 0.1
        estimators.AdaBoostClassifier.params.n_estimators: 100
    outs:
    - path: report/params.json
      md5: e2b2851498b28933da31564479185b5e
      size: 29
    - path: report/scores.json
      md5: a5e0ba622c5af2a934b8b244d40515e7
      size: 78
    - path: saved_models/model.joblib
      md5: c6d6b68d73f0b57c0ecb1dcf8f415cb9
      size: 63281
